
Microsoft Visual Studio Solution File, Format Version 12.00
# Visual Studio 15
VisualStudioVersion = 15.0.27703.2035
MinimumVisualStudioVersion = 10.0.40219.1
Project("{2150E333-8FDC-42A3-9474-1A3956D46DE8}") = "DM Build", "DM Build", "{F065943F-FD23-49B3-A0A7-C7E3584E2D52}"
	ProjectSection(SolutionItems) = preProject
		DM Build\BuildRechargeDM.sql = DM Build\BuildRechargeDM.sql
	EndProjectSection
EndProject
Project("{2150E333-8FDC-42A3-9474-1A3956D46DE8}") = "DM Solution Documentation", "DM Solution Documentation", "{3A86A5B6-69BE-446D-A6C8-77FB80B6D37C}"
	ProjectSection(SolutionItems) = preProject
		DM Solution Documentation\Information Packet.xlsx = DM Solution Documentation\Information Packet.xlsx
		DM Solution Documentation\Recharge Solution Documentation.docx = DM Solution Documentation\Recharge Solution Documentation.docx
		DM Solution Documentation\Recharge Solution Model.vsdx = DM Solution Documentation\Recharge Solution Model.vsdx
		DM Solution Documentation\Recharge Solution Workbook.xlsx = DM Solution Documentation\Recharge Solution Workbook.xlsx
	EndProjectSection
EndProject
Project("{2150E333-8FDC-42A3-9474-1A3956D46DE8}") = "OLTP Build", "OLTP Build", "{5D5A7C1F-FE74-4460-834A-8C3F34F179DA}"
	ProjectSection(SolutionItems) = preProject
		OLTP Build\Load Recharge.sql = OLTP Build\Load Recharge.sql
		OLTP Build\Recharge.bak = OLTP Build\Recharge.bak
		OLTP Build\Recharge.mdf = OLTP Build\Recharge.mdf
		OLTP Build\Recharge_log.ldf = OLTP Build\Recharge_log.ldf
		OLTP Build\RechargeHelperData.xlsx = OLTP Build\RechargeHelperData.xlsx
	EndProjectSection
EndProject
Project("{2150E333-8FDC-42A3-9474-1A3956D46DE8}") = "DM ETL", "DM ETL", "{147F33D9-7C25-496C-851B-7A6B46D9CE5D}"
	ProjectSection(SolutionItems) = preProject
		DM ETL\ETL Load Verify.sql = DM ETL\ETL Load Verify.sql
	EndProjectSection
EndProject
Project("{2150E333-8FDC-42A3-9474-1A3956D46DE8}") = "OLTP Backup", "OLTP Backup", "{563FD1BE-280E-4174-B0B6-3D26640B9AD9}"
EndProject
Project("{159641D6-6404-4A2A-AE62-294DE0FE8301}") = "SSIS Recharge", "DM ETL\SSIS Recharge\SSIS Recharge.dtproj", "{219D3636-E4CE-45D8-B8E3-7C148764F976}"
EndProject
Global
	GlobalSection(SolutionConfigurationPlatforms) = preSolution
		Development|Default = Development|Default
	EndGlobalSection
	GlobalSection(ProjectConfigurationPlatforms) = postSolution
		{219D3636-E4CE-45D8-B8E3-7C148764F976}.Development|Default.ActiveCfg = Development
		{219D3636-E4CE-45D8-B8E3-7C148764F976}.Development|Default.Build.0 = Development
	EndGlobalSection
	GlobalSection(SolutionProperties) = preSolution
		HideSolutionNode = FALSE
	EndGlobalSection
	GlobalSection(NestedProjects) = preSolution
		{219D3636-E4CE-45D8-B8E3-7C148764F976} = {147F33D9-7C25-496C-851B-7A6B46D9CE5D}
	EndGlobalSection
	GlobalSection(ExtensibilityGlobals) = postSolution
		SolutionGuid = {3FC0F51C-F5B0-4FEC-8C73-A67DB8B1AD2F}
	EndGlobalSection
EndGlobal
